# This file is @generated by PDM.
# It is not intended for manual editing.

[metadata]
groups = ["default"]
cross_platform = true
static_urls = false
lock_version = "4.3"
content_hash = "sha256:f0c9149040babc199369b5d85909d140e27a885d66795cf5a58f229db78a92c9"

[[package]]
name = "injector"
version = "0.21.0"
summary = "Injector - Python dependency injection framework, inspired by Guice"
files = [
    {file = "injector-0.21.0-py2.py3-none-any.whl", hash = "sha256:3942c5e4c501d390d5ad1b8d7d486ef93b844934afeeb17211acb6c4ca29eeb4"},
    {file = "injector-0.21.0.tar.gz", hash = "sha256:919eb6b9f96f40bf98fda34c79762b217bd1544d9adc35805ff2948e92356c9c"},
]
